
Microsoft Visual Studio Solution File, Format Version 12.00
# Visual Studio Version 17
VisualStudioVersion = 17.6.33829.357
MinimumVisualStudioVersion = 10.0.40219.1
Project("{9A19103F-16F7-4668-BE54-9A1E7A4F7556}") = "CipherWeb", "CipherWeb.csproj", "{599F1D55-05A1-4BB9-8D37-5C0CA8E8A7D1}"
EndProject
Project("{9A19103F-16F7-4668-BE54-9A1E7A4F7556}") = "CipherData", "..\CipherData\CipherData.csproj", "{B6ACBB4D-70B3-4B16-ABF9-17F1CAA0B33F}"
EndProject
Global
	GlobalSection(SolutionConfigurationPlatforms) = preSolution
		Debug|Any CPU = Debug|Any CPU
		Release|Any CPU = Release|Any CPU
	EndGlobalSection
	GlobalSection(ProjectConfigurationPlatforms) = postSolution
		{599F1D55-05A1-4BB9-8D37-5C0CA8E8A7D1}.Debug|Any CPU.ActiveCfg = Debug|Any CPU
		{599F1D55-05A1-4BB9-8D37-5C0CA8E8A7D1}.Debug|Any CPU.Build.0 = Debug|Any CPU
		{599F1D55-05A1-4BB9-8D37-5C0CA8E8A7D1}.Release|Any CPU.ActiveCfg = Release|Any CPU
		{599F1D55-05A1-4BB9-8D37-5C0CA8E8A7D1}.Release|Any CPU.Build.0 = Release|Any CPU
		{B6ACBB4D-70B3-4B16-ABF9-17F1CAA0B33F}.Debug|Any CPU.ActiveCfg = Debug|Any CPU
		{B6ACBB4D-70B3-4B16-ABF9-17F1CAA0B33F}.Debug|Any CPU.Build.0 = Debug|Any CPU
		{B6ACBB4D-70B3-4B16-ABF9-17F1CAA0B33F}.Release|Any CPU.ActiveCfg = Release|Any CPU
		{B6ACBB4D-70B3-4B16-ABF9-17F1CAA0B33F}.Release|Any CPU.Build.0 = Release|Any CPU
	EndGlobalSection
	GlobalSection(SolutionProperties) = preSolution
		HideSolutionNode = FALSE
	EndGlobalSection
	GlobalSection(ExtensibilityGlobals) = postSolution
		SolutionGuid = {67295E80-B8EA-43DA-8314-F1651BAED7A1}
	EndGlobalSection
EndGlobal
